
Microsoft Visual Studio Solution File, Format Version 12.00
# Visual Studio 2012
Project("{2150E333-8FDC-42A3-9474-1A3956D46DE8}") = "GeneralAuthorityManagement", "GeneralAuthorityManagement", "{96F54072-3185-4306-95A6-667C8B91F26D}"
	ProjectSection(SolutionItems) = preProject
		Note.doc = Note.doc
	EndProjectSection
EndProject
Project("{F088123C-0E9E-452A-89E6-6BA2F21D5CAC}") = "GAM", "GAM\GAM.modelproj", "{4F33FAC7-8BD1-4316-9780-FA238D68476E}"
EndProject
Project("{2150E333-8FDC-42A3-9474-1A3956D46DE8}") = "ERPFirst", "ERPFirst", "{FE3BADD2-02FF-4A42-9FE3-3B2BB4C1F28A}"
	ProjectSection(SolutionItems) = preProject
		ERPNote.doc = ERPNote.doc
	EndProjectSection
EndProject
Project("{FAE04EC0-301F-11D3-BF4B-00C04F79EFBC}") = "ERP.Models", "ERP.Models\ERP.Models.csproj", "{B8FC6E8C-1579-48A0-A1D2-DE5EC0051FD2}"
EndProject
Project("{FAE04EC0-301F-11D3-BF4B-00C04F79EFBC}") = "Pre", "Pre\Pre.csproj", "{AB3D3EC3-EB30-40EF-9F5B-FAC31CB9D631}"
EndProject
Project("{FAE04EC0-301F-11D3-BF4B-00C04F79EFBC}") = "ERP.Infrastructure", "ERP.Infrastructure\ERP.Infrastructure.csproj", "{A41CF6D4-21EE-4AF2-A856-63502B4AFA65}"
EndProject
Project("{FAE04EC0-301F-11D3-BF4B-00C04F79EFBC}") = "ERP.Repository", "ERP.Repository\ERP.Repository.csproj", "{CA2B2A4F-414E-4922-8A00-4E814617C629}"
EndProject
Project("{FAE04EC0-301F-11D3-BF4B-00C04F79EFBC}") = "ERP.DService", "ERP.DService\ERP.DService.csproj", "{DDA630EF-D9DF-40D4-A442-6D1252932F45}"
EndProject
Project("{FAE04EC0-301F-11D3-BF4B-00C04F79EFBC}") = "ERP.UI", "ERP.UI\ERP.UI.csproj", "{689A231A-3896-4EDD-BD95-1B8CC63DE28B}"
EndProject
Project("{FAE04EC0-301F-11D3-BF4B-00C04F79EFBC}") = "UnitTest", "RepositoryUnitOfWork\UnitTest.csproj", "{C2D371EE-03F1-4137-82EE-C5ACF90887D3}"
EndProject
Project("{FAE04EC0-301F-11D3-BF4B-00C04F79EFBC}") = "ERP.WebUI", "ERP.WebUI\ERP.WebUI.csproj", "{9A98BB76-5323-4F59-AF9C-1C58DD5CD817}"
EndProject
Project("{FAE04EC0-301F-11D3-BF4B-00C04F79EFBC}") = "ERP.WebUI.Tests", "ERP.WebUI.Tests\ERP.WebUI.Tests.csproj", "{CDC5FB6D-EC1B-413D-9183-225124DA8D91}"
EndProject
Project("{2150E333-8FDC-42A3-9474-1A3956D46DE8}") = "ERPSecond", "ERPSecond", "{30F76D5A-9AE5-41D7-860E-781C66B30D9A}"
EndProject
Project("{FAE04EC0-301F-11D3-BF4B-00C04F79EFBC}") = "ERPS.Infrastructure", "ERPS.Infrastructure\ERPS.Infrastructure.csproj", "{62E276DB-F797-4F4E-9DE6-8B78B2EAA3E8}"
EndProject
Project("{FAE04EC0-301F-11D3-BF4B-00C04F79EFBC}") = "ERPS.Models", "ERPS.Models\ERPS.Models.csproj", "{C0E341DC-CAEC-44B1-8C09-3CC801767942}"
EndProject
Project("{FAE04EC0-301F-11D3-BF4B-00C04F79EFBC}") = "EPRS.Repository", "EPRS.Repository\EPRS.Repository.csproj", "{836EE6D3-7CEF-4176-B523-9193B2A08673}"
EndProject
Project("{FAE04EC0-301F-11D3-BF4B-00C04F79EFBC}") = "ERPS.UnitTest", "ERPS.UnitTest\ERPS.UnitTest.csproj", "{9E8671F6-A3EA-4AD3-8861-F3BD9C6E3ADF}"
EndProject
Project("{FAE04EC0-301F-11D3-BF4B-00C04F79EFBC}") = "EPRS.Service", "EPRS.Service\EPRS.Service.csproj", "{BD5C14B4-D142-4ECA-B031-C8D5FDA375BD}"
EndProject
Project("{FAE04EC0-301F-11D3-BF4B-00C04F79EFBC}") = "ERPS.WebUI", "ERPS.WebUI\ERPS.WebUI.csproj", "{41313A38-45A0-417A-80AD-D5AFE80951F7}"
EndProject
Project("{FAE04EC0-301F-11D3-BF4B-00C04F79EFBC}") = "ERPS.WebUI.Tests", "ERPS.WebUI.Tests\ERPS.WebUI.Tests.csproj", "{4B6163A3-D8F3-47AE-8FDB-4DB2AA18F2C1}"
EndProject
Project("{FAE04EC0-301F-11D3-BF4B-00C04F79EFBC}") = "EPRS.WebUICapability", "EPRS.WebUICapability\EPRS.WebUICapability.csproj", "{467F50A3-8D55-46AC-A608-CCBC6A2CB882}"
EndProject
Project("{2150E333-8FDC-42A3-9474-1A3956D46DE8}") = "Solution Items", "Solution Items", "{3791FA84-71F8-4D24-AEB5-C2ABBC927304}"
	ProjectSection(SolutionItems) = preProject
		Local.testsettings = Local.testsettings
	EndProjectSection
EndProject
Project("{F088123C-0E9E-452A-89E6-6BA2F21D5CAC}") = "LLGD", "LLGD\LLGD.modelproj", "{E54BDD16-2479-4A3F-A768-A03C7469830D}"
EndProject
Global
	GlobalSection(SolutionConfigurationPlatforms) = preSolution
		Debug|Any CPU = Debug|Any CPU
		Release|Any CPU = Release|Any CPU
	EndGlobalSection
	GlobalSection(ProjectConfigurationPlatforms) = postSolution
		{4F33FAC7-8BD1-4316-9780-FA238D68476E}.Debug|Any CPU.ActiveCfg = Debug|Any CPU
		{4F33FAC7-8BD1-4316-9780-FA238D68476E}.Debug|Any CPU.Build.0 = Debug|Any CPU
		{4F33FAC7-8BD1-4316-9780-FA238D68476E}.Release|Any CPU.ActiveCfg = Release|Any CPU
		{4F33FAC7-8BD1-4316-9780-FA238D68476E}.Release|Any CPU.Build.0 = Release|Any CPU
		{B8FC6E8C-1579-48A0-A1D2-DE5EC0051FD2}.Debug|Any CPU.ActiveCfg = Debug|Any CPU
		{B8FC6E8C-1579-48A0-A1D2-DE5EC0051FD2}.Debug|Any CPU.Build.0 = Debug|Any CPU
		{B8FC6E8C-1579-48A0-A1D2-DE5EC0051FD2}.Release|Any CPU.ActiveCfg = Release|Any CPU
		{B8FC6E8C-1579-48A0-A1D2-DE5EC0051FD2}.Release|Any CPU.Build.0 = Release|Any CPU
		{AB3D3EC3-EB30-40EF-9F5B-FAC31CB9D631}.Debug|Any CPU.ActiveCfg = Debug|Any CPU
		{AB3D3EC3-EB30-40EF-9F5B-FAC31CB9D631}.Debug|Any CPU.Build.0 = Debug|Any CPU
		{AB3D3EC3-EB30-40EF-9F5B-FAC31CB9D631}.Release|Any CPU.ActiveCfg = Release|Any CPU
		{AB3D3EC3-EB30-40EF-9F5B-FAC31CB9D631}.Release|Any CPU.Build.0 = Release|Any CPU
		{A41CF6D4-21EE-4AF2-A856-63502B4AFA65}.Debug|Any CPU.ActiveCfg = Debug|Any CPU
		{A41CF6D4-21EE-4AF2-A856-63502B4AFA65}.Debug|Any CPU.Build.0 = Debug|Any CPU
		{A41CF6D4-21EE-4AF2-A856-63502B4AFA65}.Release|Any CPU.ActiveCfg = Release|Any CPU
		{A41CF6D4-21EE-4AF2-A856-63502B4AFA65}.Release|Any CPU.Build.0 = Release|Any CPU
		{CA2B2A4F-414E-4922-8A00-4E814617C629}.Debug|Any CPU.ActiveCfg = Debug|Any CPU
		{CA2B2A4F-414E-4922-8A00-4E814617C629}.Debug|Any CPU.Build.0 = Debug|Any CPU
		{CA2B2A4F-414E-4922-8A00-4E814617C629}.Release|Any CPU.ActiveCfg = Release|Any CPU
		{CA2B2A4F-414E-4922-8A00-4E814617C629}.Release|Any CPU.Build.0 = Release|Any CPU
		{DDA630EF-D9DF-40D4-A442-6D1252932F45}.Debug|Any CPU.ActiveCfg = Debug|Any CPU
		{DDA630EF-D9DF-40D4-A442-6D1252932F45}.Debug|Any CPU.Build.0 = Debug|Any CPU
		{DDA630EF-D9DF-40D4-A442-6D1252932F45}.Release|Any CPU.ActiveCfg = Release|Any CPU
		{DDA630EF-D9DF-40D4-A442-6D1252932F45}.Release|Any CPU.Build.0 = Release|Any CPU
		{689A231A-3896-4EDD-BD95-1B8CC63DE28B}.Debug|Any CPU.ActiveCfg = Debug|Any CPU
		{689A231A-3896-4EDD-BD95-1B8CC63DE28B}.Debug|Any CPU.Build.0 = Debug|Any CPU
		{689A231A-3896-4EDD-BD95-1B8CC63DE28B}.Release|Any CPU.ActiveCfg = Release|Any CPU
		{689A231A-3896-4EDD-BD95-1B8CC63DE28B}.Release|Any CPU.Build.0 = Release|Any CPU
		{C2D371EE-03F1-4137-82EE-C5ACF90887D3}.Debug|Any CPU.ActiveCfg = Debug|Any CPU
		{C2D371EE-03F1-4137-82EE-C5ACF90887D3}.Debug|Any CPU.Build.0 = Debug|Any CPU
		{C2D371EE-03F1-4137-82EE-C5ACF90887D3}.Release|Any CPU.ActiveCfg = Release|Any CPU
		{C2D371EE-03F1-4137-82EE-C5ACF90887D3}.Release|Any CPU.Build.0 = Release|Any CPU
		{9A98BB76-5323-4F59-AF9C-1C58DD5CD817}.Debug|Any CPU.ActiveCfg = Debug|Any CPU
		{9A98BB76-5323-4F59-AF9C-1C58DD5CD817}.Debug|Any CPU.Build.0 = Debug|Any CPU
		{9A98BB76-5323-4F59-AF9C-1C58DD5CD817}.Release|Any CPU.ActiveCfg = Release|Any CPU
		{9A98BB76-5323-4F59-AF9C-1C58DD5CD817}.Release|Any CPU.Build.0 = Release|Any CPU
		{CDC5FB6D-EC1B-413D-9183-225124DA8D91}.Debug|Any CPU.ActiveCfg = Debug|Any CPU
		{CDC5FB6D-EC1B-413D-9183-225124DA8D91}.Debug|Any CPU.Build.0 = Debug|Any CPU
		{CDC5FB6D-EC1B-413D-9183-225124DA8D91}.Release|Any CPU.ActiveCfg = Release|Any CPU
		{CDC5FB6D-EC1B-413D-9183-225124DA8D91}.Release|Any CPU.Build.0 = Release|Any CPU
		{62E276DB-F797-4F4E-9DE6-8B78B2EAA3E8}.Debug|Any CPU.ActiveCfg = Debug|Any CPU
		{62E276DB-F797-4F4E-9DE6-8B78B2EAA3E8}.Debug|Any CPU.Build.0 = Debug|Any CPU
		{62E276DB-F797-4F4E-9DE6-8B78B2EAA3E8}.Release|Any CPU.ActiveCfg = Release|Any CPU
		{62E276DB-F797-4F4E-9DE6-8B78B2EAA3E8}.Release|Any CPU.Build.0 = Release|Any CPU
		{C0E341DC-CAEC-44B1-8C09-3CC801767942}.Debug|Any CPU.ActiveCfg = Debug|Any CPU
		{C0E341DC-CAEC-44B1-8C09-3CC801767942}.Debug|Any CPU.Build.0 = Debug|Any CPU
		{C0E341DC-CAEC-44B1-8C09-3CC801767942}.Release|Any CPU.ActiveCfg = Release|Any CPU
		{C0E341DC-CAEC-44B1-8C09-3CC801767942}.Release|Any CPU.Build.0 = Release|Any CPU
		{836EE6D3-7CEF-4176-B523-9193B2A08673}.Debug|Any CPU.ActiveCfg = Debug|Any CPU
		{836EE6D3-7CEF-4176-B523-9193B2A08673}.Debug|Any CPU.Build.0 = Debug|Any CPU
		{836EE6D3-7CEF-4176-B523-9193B2A08673}.Release|Any CPU.ActiveCfg = Release|Any CPU
		{836EE6D3-7CEF-4176-B523-9193B2A08673}.Release|Any CPU.Build.0 = Release|Any CPU
		{9E8671F6-A3EA-4AD3-8861-F3BD9C6E3ADF}.Debug|Any CPU.ActiveCfg = Debug|Any CPU
		{9E8671F6-A3EA-4AD3-8861-F3BD9C6E3ADF}.Debug|Any CPU.Build.0 = Debug|Any CPU
		{9E8671F6-A3EA-4AD3-8861-F3BD9C6E3ADF}.Release|Any CPU.ActiveCfg = Release|Any CPU
		{9E8671F6-A3EA-4AD3-8861-F3BD9C6E3ADF}.Release|Any CPU.Build.0 = Release|Any CPU
		{BD5C14B4-D142-4ECA-B031-C8D5FDA375BD}.Debug|Any CPU.ActiveCfg = Debug|Any CPU
		{BD5C14B4-D142-4ECA-B031-C8D5FDA375BD}.Debug|Any CPU.Build.0 = Debug|Any CPU
		{BD5C14B4-D142-4ECA-B031-C8D5FDA375BD}.Release|Any CPU.ActiveCfg = Release|Any CPU
		{BD5C14B4-D142-4ECA-B031-C8D5FDA375BD}.Release|Any CPU.Build.0 = Release|Any CPU
		{41313A38-45A0-417A-80AD-D5AFE80951F7}.Debug|Any CPU.ActiveCfg = Debug|Any CPU
		{41313A38-45A0-417A-80AD-D5AFE80951F7}.Debug|Any CPU.Build.0 = Debug|Any CPU
		{41313A38-45A0-417A-80AD-D5AFE80951F7}.Release|Any CPU.ActiveCfg = Release|Any CPU
		{41313A38-45A0-417A-80AD-D5AFE80951F7}.Release|Any CPU.Build.0 = Release|Any CPU
		{4B6163A3-D8F3-47AE-8FDB-4DB2AA18F2C1}.Debug|Any CPU.ActiveCfg = Debug|Any CPU
		{4B6163A3-D8F3-47AE-8FDB-4DB2AA18F2C1}.Debug|Any CPU.Build.0 = Debug|Any CPU
		{4B6163A3-D8F3-47AE-8FDB-4DB2AA18F2C1}.Release|Any CPU.ActiveCfg = Release|Any CPU
		{4B6163A3-D8F3-47AE-8FDB-4DB2AA18F2C1}.Release|Any CPU.Build.0 = Release|Any CPU
		{467F50A3-8D55-46AC-A608-CCBC6A2CB882}.Debug|Any CPU.ActiveCfg = Debug|Any CPU
		{467F50A3-8D55-46AC-A608-CCBC6A2CB882}.Debug|Any CPU.Build.0 = Debug|Any CPU
		{467F50A3-8D55-46AC-A608-CCBC6A2CB882}.Release|Any CPU.ActiveCfg = Release|Any CPU
		{467F50A3-8D55-46AC-A608-CCBC6A2CB882}.Release|Any CPU.Build.0 = Release|Any CPU
		{E54BDD16-2479-4A3F-A768-A03C7469830D}.Debug|Any CPU.ActiveCfg = Debug|Any CPU
		{E54BDD16-2479-4A3F-A768-A03C7469830D}.Debug|Any CPU.Build.0 = Debug|Any CPU
		{E54BDD16-2479-4A3F-A768-A03C7469830D}.Release|Any CPU.ActiveCfg = Release|Any CPU
		{E54BDD16-2479-4A3F-A768-A03C7469830D}.Release|Any CPU.Build.0 = Release|Any CPU
	EndGlobalSection
	GlobalSection(SolutionProperties) = preSolution
		HideSolutionNode = FALSE
	EndGlobalSection
	GlobalSection(NestedProjects) = preSolution
		{4F33FAC7-8BD1-4316-9780-FA238D68476E} = {96F54072-3185-4306-95A6-667C8B91F26D}
		{E54BDD16-2479-4A3F-A768-A03C7469830D} = {96F54072-3185-4306-95A6-667C8B91F26D}
		{B8FC6E8C-1579-48A0-A1D2-DE5EC0051FD2} = {FE3BADD2-02FF-4A42-9FE3-3B2BB4C1F28A}
		{AB3D3EC3-EB30-40EF-9F5B-FAC31CB9D631} = {FE3BADD2-02FF-4A42-9FE3-3B2BB4C1F28A}
		{A41CF6D4-21EE-4AF2-A856-63502B4AFA65} = {FE3BADD2-02FF-4A42-9FE3-3B2BB4C1F28A}
		{CA2B2A4F-414E-4922-8A00-4E814617C629} = {FE3BADD2-02FF-4A42-9FE3-3B2BB4C1F28A}
		{DDA630EF-D9DF-40D4-A442-6D1252932F45} = {FE3BADD2-02FF-4A42-9FE3-3B2BB4C1F28A}
		{689A231A-3896-4EDD-BD95-1B8CC63DE28B} = {FE3BADD2-02FF-4A42-9FE3-3B2BB4C1F28A}
		{C2D371EE-03F1-4137-82EE-C5ACF90887D3} = {FE3BADD2-02FF-4A42-9FE3-3B2BB4C1F28A}
		{9A98BB76-5323-4F59-AF9C-1C58DD5CD817} = {FE3BADD2-02FF-4A42-9FE3-3B2BB4C1F28A}
		{CDC5FB6D-EC1B-413D-9183-225124DA8D91} = {FE3BADD2-02FF-4A42-9FE3-3B2BB4C1F28A}
		{62E276DB-F797-4F4E-9DE6-8B78B2EAA3E8} = {30F76D5A-9AE5-41D7-860E-781C66B30D9A}
		{C0E341DC-CAEC-44B1-8C09-3CC801767942} = {30F76D5A-9AE5-41D7-860E-781C66B30D9A}
		{836EE6D3-7CEF-4176-B523-9193B2A08673} = {30F76D5A-9AE5-41D7-860E-781C66B30D9A}
		{9E8671F6-A3EA-4AD3-8861-F3BD9C6E3ADF} = {30F76D5A-9AE5-41D7-860E-781C66B30D9A}
		{BD5C14B4-D142-4ECA-B031-C8D5FDA375BD} = {30F76D5A-9AE5-41D7-860E-781C66B30D9A}
		{41313A38-45A0-417A-80AD-D5AFE80951F7} = {30F76D5A-9AE5-41D7-860E-781C66B30D9A}
		{4B6163A3-D8F3-47AE-8FDB-4DB2AA18F2C1} = {30F76D5A-9AE5-41D7-860E-781C66B30D9A}
		{467F50A3-8D55-46AC-A608-CCBC6A2CB882} = {30F76D5A-9AE5-41D7-860E-781C66B30D9A}
		{3791FA84-71F8-4D24-AEB5-C2ABBC927304} = {30F76D5A-9AE5-41D7-860E-781C66B30D9A}
	EndGlobalSection
	GlobalSection(ExtensibilityGlobals) = postSolution
		EnterpriseLibraryConfigurationToolBinariesPath = packages\Unity.2.1.505.2\lib\NET35;packages\Unity.Interception.2.1.505.2\lib\NET35
	EndGlobalSection
	GlobalSection(Performance) = preSolution
		HasPerformanceSessions = true
	EndGlobalSection
EndGlobal
